// !$*UTF8*$!
{
	archiveVersion = 1;
	classes = {
	};
	objectVersion = 56;
	objects = {

/* Begin PBXBuildFile section */
		F57599D92B99FC940039B020 /* QuadraticSolverAppApp.swift in Sources */ = {isa = PBXBuildFile; fileRef = F57599D82B99FC940039B020 /* QuadraticSolverAppApp.swift */; };
		F57599DB2B99FC940039B020 /* ContentView.swift in Sources */ = {isa = PBXBuildFile; fileRef = F57599DA2B99FC940039B020 /* ContentView.swift */; };
		F57599DD2B99FC950039B020 /* Assets.xcassets in Resources */ = {isa = PBXBuildFile; fileRef = F57599DC2B99FC950039B020 /* Assets.xcassets */; };
		F57599E02B99FC950039B020 /* Preview Assets.xcassets in Resources */ = {isa = PBXBuildFile; fileRef = F57599DF2B99FC950039B020 /* Preview Assets.xcassets */; };
		F57599EA2B99FC950039B020 /* QuadraticSolverAppTests.swift in Sources */ = {isa = PBXBuildFile; fileRef = F57599E92B99FC950039B020 /* QuadraticSolverAppTests.swift */; };
		F57599F42B99FC950039B020 /* QuadraticSolverAppUITests.swift in Sources */ = {isa = PBXBuildFile; fileRef = F57599F32B99FC950039B020 /* QuadraticSolverAppUITests.swift */; };
		F57599F62B99FC950039B020 /* QuadraticSolverAppUITestsLaunchTests.swift in Sources */ = {isa = PBXBuildFile; fileRef = F57599F52B99FC950039B020 /* QuadraticSolverAppUITestsLaunchTests.swift */; };
/* End PBXBuildFile section */

/* Begin PBXContainerItemProxy section */
		F57599E62B99FC950039B020 /* PBXContainerItemProxy */ = {
			isa = PBXContainerItemProxy;
			containerPortal = F57599CD2B99FC940039B020 /* Project object */;
			proxyType = 1;
			remoteGlobalIDString = F57599D42B99FC940039B020;
			remoteInfo = QuadraticSolverApp;
		};
		F57599F02B99FC950039B020 /* PBXContainerItemProxy */ = {
			isa = PBXContainerItemProxy;
			containerPortal = F57599CD2B99FC940039B020 /* Project object */;
			proxyType = 1;
			remoteGlobalIDString = F57599D42B99FC940039B020;
			remoteInfo = QuadraticSolverApp;
		};
/* End PBXContainerItemProxy section */

/* Begin PBXFileReference section */
		F57599D52B99FC940039B020 /* QuadraticSolverApp.app */ = {isa = PBXFileReference; explicitFileType = wrapper.application; includeInIndex = 0; path = QuadraticSolverApp.app; sourceTree = BUILT_PRODUCTS_DIR; };
		F57599D82B99FC940039B020 /* QuadraticSolverAppApp.swift */ = {isa = PBXFileReference; lastKnownFileType = sourcecode.swift; path = QuadraticSolverAppApp.swift; sourceTree = "<group>"; };
		F57599DA2B99FC940039B020 /* ContentView.swift */ = {isa = PBXFileReference; lastKnownFileType = sourcecode.swift; path = ContentView.swift; sourceTree = "<group>"; };
		F57599DC2B99FC950039B020 /* Assets.xcassets */ = {isa = PBXFileReference; lastKnownFileType = folder.assetcatalog; path = Assets.xcassets; sourceTree = "<group>"; };
		F57599DF2B99FC950039B020 /* Preview Assets.xcassets */ = {isa = PBXFileReference; lastKnownFileType = folder.assetcatalog; path = "Preview Assets.xcassets"; sourceTree = "<group>"; };
		F57599E52B99FC950039B020 /* QuadraticSolverAppTests.xctest */ = {isa = PBXFileReference; explicitFileType = wrapper.cfbundle; includeInIndex = 0; path = QuadraticSolverAppTests.xctest; sourceTree = BUILT_PRODUCTS_DIR; };
		F57599E92B99FC950039B020 /* QuadraticSolverAppTests.swift */ = {isa = PBXFileReference; lastKnownFileType = sourcecode.swift; path = QuadraticSolverAppTests.swift; sourceTree = "<group>"; };
		F57599EF2B99FC950039B020 /* QuadraticSolverAppUITests.xctest */ = {isa = PBXFileReference; explicitFileType = wrapper.cfbundle; includeInIndex = 0; path = QuadraticSolverAppUITests.xctest; sourceTree = BUILT_PRODUCTS_DIR; };
		F57599F32B99FC950039B020 /* QuadraticSolverAppUITests.swift */ = {isa = PBXFileReference; lastKnownFileType = sourcecode.swift; path = QuadraticSolverAppUITests.swift; sourceTree = "<group>"; };
		F57599F52B99FC950039B020 /* QuadraticSolverAppUITestsLaunchTests.swift */ = {isa = PBXFileReference; lastKnownFileType = sourcecode.swift; path = QuadraticSolverAppUITestsLaunchTests.swift; sourceTree = "<group>"; };
/* End PBXFileReference section */

/* Begin PBXFrameworksBuildPhase section */
		F57599D22B99FC940039B020 /* Frameworks */ = {
			isa = PBXFrameworksBuildPhase;
			buildActionMask = 2147483647;
			files = (
			);
			runOnlyForDeploymentPostprocessing = 0;
		};
		F57599E22B99FC950039B020 /* Frameworks */ = {
			isa = PBXFrameworksBuildPhase;
			buildActionMask = 2147483647;
			files = (
			);
			runOnlyForDeploymentPostprocessing = 0;
		};
		F57599EC2B99FC950039B020 /* Frameworks */ = {
			isa = PBXFrameworksBuildPhase;
			buildActionMask = 2147483647;
			files = (
			);
			runOnlyForDeploymentPostprocessing = 0;
		};
/* End PBXFrameworksBuildPhase section */

/* Begin PBXGroup section */
		F57599CC2B99FC940039B020 = {
			isa = PBXGroup;
			children = (
				F57599D72B99FC940039B020 /* QuadraticSolverApp */,
				F57599E82B99FC950039B020 /* QuadraticSolverAppTests */,
				F57599F22B99FC950039B020 /* QuadraticSolverAppUITests */,
				F57599D62B99FC940039B020 /* Products */,
			);
			sourceTree = "<group>";
		};
		F57599D62B99FC940039B020 /* Products */ = {
			isa = PBXGroup;
			children = (
				F57599D52B99FC940039B020 /* QuadraticSolverApp.app */,
				F57599E52B99FC950039B020 /* QuadraticSolverAppTests.xctest */,
				F57599EF2B99FC950039B020 /* QuadraticSolverAppUITests.xctest */,
			);
			name = Products;
			sourceTree = "<group>";
		};
		F57599D72B99FC940039B020 /* QuadraticSolverApp */ = {
			isa = PBXGroup;
			children = (
				F57599D82B99FC940039B020 /* QuadraticSolverAppApp.swift */,
				F57599DA2B99FC940039B020 /* ContentView.swift */,
				F57599DC2B99FC950039B020 /* Assets.xcassets */,
				F57599DE2B99FC950039B020 /* Preview Content */,
			);
			path = QuadraticSolverApp;
			sourceTree = "<group>";
		};
		F57599DE2B99FC950039B020 /* Preview Content */ = {
			isa = PBXGroup;
			children = (
				F57599DF2B99FC950039B020 /* Preview Assets.xcassets */,
			);
			path = "Preview Content";
			sourceTree = "<group>";
		};
		F57599E82B99FC950039B020 /* QuadraticSolverAppTests */ = {
			isa = PBXGroup;
			children = (
				F57599E92B99FC950039B020 /* QuadraticSolverAppTests.swift */,
			);
			path = QuadraticSolverAppTests;
			sourceTree = "<group>";
		};
		F57599F22B99FC950039B020 /* QuadraticSolverAppUITests */ = {
			isa = PBXGroup;
			children = (
				F57599F32B99FC950039B020 /* QuadraticSolverAppUITests.swift */,
				F57599F52B99FC950039B020 /* QuadraticSolverAppUITestsLaunchTests.swift */,
			);
			path = QuadraticSolverAppUITests;
			sourceTree = "<group>";
		};
/* End PBXGroup section */

/* Begin PBXNativeTarget section */
		F57599D42B99FC940039B020 /* QuadraticSolverApp */ = {
			isa = PBXNativeTarget;
			buildConfigurationList = F57599F92B99FC950039B020 /* Build configuration list for PBXNativeTarget "QuadraticSolverApp" */;
			buildPhases = (
				F57599D12B99FC940039B020 /* Sources */,
				F57599D22B99FC940039B020 /* Frameworks */,
				F57599D32B99FC940039B020 /* Resources */,
			);
			buildRules = (
			);
			dependencies = (
			);
			name = QuadraticSolverApp;
			productName = QuadraticSolverApp;
			productReference = F57599D52B99FC940039B020 /* QuadraticSolverApp.app */;
			productType = "com.apple.product-type.application";
		};
		F57599E42B99FC950039B020 /* QuadraticSolverAppTests */ = {
			isa = PBXNativeTarget;
			buildConfigurationList = F57599FC2B99FC950039B020 /* Build configuration list for PBXNativeTarget "QuadraticSolverAppTests" */;
			buildPhases = (
				F57599E12B99FC950039B020 /* Sources */,
				F57599E22B99FC950039B020 /* Frameworks */,
				F57599E32B99FC950039B020 /* Resources */,
			);
			buildRules = (
			);
			dependencies = (
				F57599E72B99FC950039B020 /* PBXTargetDependency */,
			);
			name = QuadraticSolverAppTests;
			productName = QuadraticSolverAppTests;
			productReference = F57599E52B99FC950039B020 /* QuadraticSolverAppTests.xctest */;
			productType = "com.apple.product-type.bundle.unit-test";
		};
		F57599EE2B99FC950039B020 /* QuadraticSolverAppUITests */ = {
			isa = PBXNativeTarget;
			buildConfigurationList = F57599FF2B99FC950039B020 /* Build configuration list for PBXNativeTarget "QuadraticSolverAppUITests" */;
			buildPhases = (
				F57599EB2B99FC950039B020 /* Sources */,
				F57599EC2B99FC950039B020 /* Frameworks */,
				F57599ED2B99FC950039B020 /* Resources */,
			);
			buildRules = (
			);
			dependencies = (
				F57599F12B99FC950039B020 /* PBXTargetDependency */,
			);
			name = QuadraticSolverAppUITests;
			productName = QuadraticSolverAppUITests;
			productReference = F57599EF2B99FC950039B020 /* QuadraticSolverAppUITests.xctest */;
			productType = "com.apple.product-type.bundle.ui-testing";
		};
/* End PBXNativeTarget section */

/* Begin PBXProject section */
		F57599CD2B99FC940039B020 /* Project object */ = {
			isa = PBXProject;
			attributes = {
				BuildIndependentTargetsInParallel = 1;
				LastSwiftUpdateCheck = 1500;
				LastUpgradeCheck = 1500;
				TargetAttributes = {
					F57599D42B99FC940039B020 = {
						CreatedOnToolsVersion = 15.0;
					};
					F57599E42B99FC950039B020 = {
						CreatedOnToolsVersion = 15.0;
						TestTargetID = F57599D42B99FC940039B020;
					};
					F57599EE2B99FC950039B020 = {
						CreatedOnToolsVersion = 15.0;
						TestTargetID = F57599D42B99FC940039B020;
					};
				};
			};
			buildConfigurationList = F57599D02B99FC940039B020 /* Build configuration list for PBXProject "QuadraticSolverApp" */;
			compatibilityVersion = "Xcode 14.0";
			developmentRegion = en;
			hasScannedForEncodings = 0;
			knownRegions = (
				en,
				Base,
			);
			mainGroup = F57599CC2B99FC940039B020;
			productRefGroup = F57599D62B99FC940039B020 /* Products */;
			projectDirPath = "";
			projectRoot = "";
			targets = (
				F57599D42B99FC940039B020 /* QuadraticSolverApp */,
				F57599E42B99FC950039B020 /* QuadraticSolverAppTests */,
				F57599EE2B99FC950039B020 /* QuadraticSolverAppUITests */,
			);
		};
/* End PBXProject section */

/* Begin PBXResourcesBuildPhase section */
		F57599D32B99FC940039B020 /* Resources */ = {
			isa = PBXResourcesBuildPhase;
			buildActionMask = 2147483647;
			files = (
				F57599E02B99FC950039B020 /* Preview Assets.xcassets in Resources */,
				F57599DD2B99FC950039B020 /* Assets.xcassets in Resources */,
			);
			runOnlyForDeploymentPostprocessing = 0;
		};
		F57599E32B99FC950039B020 /* Resources */ = {
			isa = PBXResourcesBuildPhase;
			buildActionMask = 2147483647;
			files = (
			);
			runOnlyForDeploymentPostprocessing = 0;
		};
		F57599ED2B99FC950039B020 /* Resources */ = {
			isa = PBXResourcesBuildPhase;
			buildActionMask = 2147483647;
			files = (
			);
			runOnlyForDeploymentPostprocessing = 0;
		};
/* End PBXResourcesBuildPhase section */

/* Begin PBXSourcesBuildPhase section */
		F57599D12B99FC940039B020 /* Sources */ = {
			isa = PBXSourcesBuildPhase;
			buildActionMask = 2147483647;
			files = (
				F57599DB2B99FC940039B020 /* ContentView.swift in Sources */,
				F57599D92B99FC940039B020 /* QuadraticSolverAppApp.swift in Sources */,
			);
			runOnlyForDeploymentPostprocessing = 0;
		};
		F57599E12B99FC950039B020 /* Sources */ = {
			isa = PBXSourcesBuildPhase;
			buildActionMask = 2147483647;
			files = (
				F57599EA2B99FC950039B020 /* QuadraticSolverAppTests.swift in Sources */,
			);
			runOnlyForDeploymentPostprocessing = 0;
		};
		F57599EB2B99FC950039B020 /* Sources */ = {
			isa = PBXSourcesBuildPhase;
			buildActionMask = 2147483647;
			files = (
				F57599F62B99FC950039B020 /* QuadraticSolverAppUITestsLaunchTests.swift in Sources */,
				F57599F42B99FC950039B020 /* QuadraticSolverAppUITests.swift in Sources */,
			);
			runOnlyForDeploymentPostprocessing = 0;
		};
/* End PBXSourcesBuildPhase section */

/* Begin PBXTargetDependency section */
		F57599E72B99FC950039B020 /* PBXTargetDependency */ = {
			isa = PBXTargetDependency;
			target = F57599D42B99FC940039B020 /* QuadraticSolverApp */;
			targetProxy = F57599E62B99FC950039B020 /* PBXContainerItemProxy */;
		};
		F57599F12B99FC950039B020 /* PBXTargetDependency */ = {
			isa = PBXTargetDependency;
			target = F57599D42B99FC940039B020 /* QuadraticSolverApp */;
			targetProxy = F57599F02B99FC950039B020 /* PBXContainerItemProxy */;
		};
/* End PBXTargetDependency section */

/* Begin XCBuildConfiguration section */
		F57599F72B99FC950039B020 /* Debug */ = {
			isa = XCBuildConfiguration;
			buildSettings = {
				ALWAYS_SEARCH_USER_PATHS = NO;
				ASSETCATALOG_COMPILER_GENERATE_SWIFT_ASSET_SYMBOL_EXTENSIONS = YES;
				CLANG_ANALYZER_NONNULL = YES;
				CLANG_ANALYZER_NUMBER_OBJECT_CONVERSION = YES_AGGRESSIVE;
				CLANG_CXX_LANGUAGE_STANDARD = "gnu++20";
				CLANG_ENABLE_MODULES = YES;
				CLANG_ENABLE_OBJC_ARC = YES;
				CLANG_ENABLE_OBJC_WEAK = YES;
				CLANG_WARN_BLOCK_CAPTURE_AUTORELEASING = YES;
				CLANG_WARN_BOOL_CONVERSION = YES;
				CLANG_WARN_COMMA = YES;
				CLANG_WARN_CONSTANT_CONVERSION = YES;
				CLANG_WARN_DEPRECATED_OBJC_IMPLEMENTATIONS = YES;
				CLANG_WARN_DIRECT_OBJC_ISA_USAGE = YES_ERROR;
				CLANG_WARN_DOCUMENTATION_COMMENTS = YES;
				CLANG_WARN_EMPTY_BODY = YES;
				CLANG_WARN_ENUM_CONVERSION = YES;
				CLANG_WARN_INFINITE_RECURSION = YES;
				CLANG_WARN_INT_CONVERSION = YES;
				CLANG_WARN_NON_LITERAL_NULL_CONVERSION = YES;
				CLANG_WARN_OBJC_IMPLICIT_RETAIN_SELF = YES;
				CLANG_WARN_OBJC_LITERAL_CONVERSION = YES;
				CLANG_WARN_OBJC_ROOT_CLASS = YES_ERROR;
				CLANG_WARN_QUOTED_INCLUDE_IN_FRAMEWORK_HEADER = YES;
				CLANG_WARN_RANGE_LOOP_ANALYSIS = YES;
				CLANG_WARN_STRICT_PROTOTYPES = YES;
				CLANG_WARN_SUSPICIOUS_MOVE = YES;
				CLANG_WARN_UNGUARDED_AVAILABILITY = YES_AGGRESSIVE;
				CLANG_WARN_UNREACHABLE_CODE = YES;
				CLANG_WARN__DUPLICATE_METHOD_MATCH = YES;
				COPY_PHASE_STRIP = NO;
				DEBUG_INFORMATION_FORMAT = dwarf;
				ENABLE_STRICT_OBJC_MSGSEND = YES;
				ENABLE_TESTABILITY = YES;
				ENABLE_USER_SCRIPT_SANDBOXING = YES;
				GCC_C_LANGUAGE_STANDARD = gnu17;
				GCC_DYNAMIC_NO_PIC = NO;
				GCC_NO_COMMON_BLOCKS = YES;
				GCC_OPTIMIZATION_LEVEL = 0;
				GCC_PREPROCESSOR_DEFINITIONS = (
					"DEBUG=1",
					"$(inherited)",
				);
				GCC_WARN_64_TO_32_BIT_CONVERSION = YES;
				GCC_WARN_ABOUT_RETURN_TYPE = YES_ERROR;
				GCC_WARN_UNDECLARED_SELECTOR = YES;
				GCC_WARN_UNINITIALIZED_AUTOS = YES_AGGRESSIVE;
				GCC_WARN_UNUSED_FUNCTION = YES;
				GCC_WARN_UNUSED_VARIABLE = YES;
				IPHONEOS_DEPLOYMENT_TARGET = 17.0;
				LOCALIZATION_PREFERS_STRING_CATALOGS = YES;
				MTL_ENABLE_DEBUG_INFO = INCLUDE_SOURCE;
				MTL_FAST_MATH = YES;
				ONLY_ACTIVE_ARCH = YES;
				SDKROOT = iphoneos;
				SWIFT_ACTIVE_COMPILATION_CONDITIONS = "DEBUG $(inherited)";
				SWIFT_OPTIMIZATION_LEVEL = "-Onone";
			};
			name = Debug;
		};
		F57599F82B99FC950039B020 /* Release */ = {
			isa = XCBuildConfiguration;
			buildSettings = {
				ALWAYS_SEARCH_USER_PATHS = NO;
				ASSETCATALOG_COMPILER_GENERATE_SWIFT_ASSET_SYMBOL_EXTENSIONS = YES;
				CLANG_ANALYZER_NONNULL = YES;
				CLANG_ANALYZER_NUMBER_OBJECT_CONVERSION = YES_AGGRESSIVE;
				CLANG_CXX_LANGUAGE_STANDARD = "gnu++20";
				CLANG_ENABLE_MODULES = YES;
				CLANG_ENABLE_OBJC_ARC = YES;
				CLANG_ENABLE_OBJC_WEAK = YES;
				CLANG_WARN_BLOCK_CAPTURE_AUTORELEASING = YES;
				CLANG_WARN_BOOL_CONVERSION = YES;
				CLANG_WARN_COMMA = YES;
				CLANG_WARN_CONSTANT_CONVERSION = YES;
				CLANG_WARN_DEPRECATED_OBJC_IMPLEMENTATIONS = YES;
				CLANG_WARN_DIRECT_OBJC_ISA_USAGE = YES_ERROR;
				CLANG_WARN_DOCUMENTATION_COMMENTS = YES;
				CLANG_WARN_EMPTY_BODY = YES;
				CLANG_WARN_ENUM_CONVERSION = YES;
				CLANG_WARN_INFINITE_RECURSION = YES;
				CLANG_WARN_INT_CONVERSION = YES;
				CLANG_WARN_NON_LITERAL_NULL_CONVERSION = YES;
				CLANG_WARN_OBJC_IMPLICIT_RETAIN_SELF = YES;
				CLANG_WARN_OBJC_LITERAL_CONVERSION = YES;
				CLANG_WARN_OBJC_ROOT_CLASS = YES_ERROR;
				CLANG_WARN_QUOTED_INCLUDE_IN_FRAMEWORK_HEADER = YES;
				CLANG_WARN_RANGE_LOOP_ANALYSIS = YES;
				CLANG_WARN_STRICT_PROTOTYPES = YES;
				CLANG_WARN_SUSPICIOUS_MOVE = YES;
				CLANG_WARN_UNGUARDED_AVAILABILITY = YES_AGGRESSIVE;
				CLANG_WARN_UNREACHABLE_CODE = YES;
				CLANG_WARN__DUPLICATE_METHOD_MATCH = YES;
				COPY_PHASE_STRIP = NO;
				DEBUG_INFORMATION_FORMAT = "dwarf-with-dsym";
				ENABLE_NS_ASSERTIONS = NO;
				ENABLE_STRICT_OBJC_MSGSEND = YES;
				ENABLE_USER_SCRIPT_SANDBOXING = YES;
				GCC_C_LANGUAGE_STANDARD = gnu17;
				GCC_NO_COMMON_BLOCKS = YES;
				GCC_WARN_64_TO_32_BIT_CONVERSION = YES;
				GCC_WARN_ABOUT_RETURN_TYPE = YES_ERROR;
				GCC_WARN_UNDECLARED_SELECTOR = YES;
				GCC_WARN_UNINITIALIZED_AUTOS = YES_AGGRESSIVE;
				GCC_WARN_UNUSED_FUNCTION = YES;
				GCC_WARN_UNUSED_VARIABLE = YES;
				IPHONEOS_DEPLOYMENT_TARGET = 17.0;
				LOCALIZATION_PREFERS_STRING_CATALOGS = YES;
				MTL_ENABLE_DEBUG_INFO = NO;
				MTL_FAST_MATH = YES;
				SDKROOT = iphoneos;
				SWIFT_COMPILATION_MODE = wholemodule;
				VALIDATE_PRODUCT = YES;
			};
			name = Release;
		};
		F57599FA2B99FC950039B020 /* Debug */ = {
			isa = XCBuildConfiguration;
			buildSettings = {
				ASSETCATALOG_COMPILER_APPICON_NAME = AppIcon;
				ASSETCATALOG_COMPILER_GLOBAL_ACCENT_COLOR_NAME = AccentColor;
				CODE_SIGN_STYLE = Automatic;
				CURRENT_PROJECT_VERSION = 1;
				DEVELOPMENT_ASSET_PATHS = "\"QuadraticSolverApp/Preview Content\"";
				ENABLE_PREVIEWS = YES;
				GENERATE_INFOPLIST_FILE = YES;
				INFOPLIST_KEY_UIApplicationSceneManifest_Generation = YES;
				INFOPLIST_KEY_UIApplicationSupportsIndirectInputEvents = YES;
				INFOPLIST_KEY_UILaunchScreen_Generation = YES;
				INFOPLIST_KEY_UISupportedInterfaceOrientations_iPad = "UIInterfaceOrientationPortrait UIInterfaceOrientationPortraitUpsideDown UIInterfaceOrientationLandscapeLeft UIInterfaceOrientationLandscapeRight";
				INFOPLIST_KEY_UISupportedInterfaceOrientations_iPhone = "UIInterfaceOrientationPortrait UIInterfaceOrientationLandscapeLeft UIInterfaceOrientationLandscapeRight";
				LD_RUNPATH_SEARCH_PATHS = (
					"$(inherited)",
					"@executable_path/Frameworks",
				);
				MARKETING_VERSION = 1.0;
				PRODUCT_BUNDLE_IDENTIFIER = "forhadreza1596-gmail.com.QuadraticSolverApp";
				PRODUCT_NAME = "$(TARGET_NAME)";
				SWIFT_EMIT_LOC_STRINGS = YES;
				SWIFT_VERSION = 5.0;
				TARGETED_DEVICE_FAMILY = "1,2";
			};
			name = Debug;
		};
		F57599FB2B99FC950039B020 /* Release */ = {
			isa = XCBuildConfiguration;
			buildSettings = {
				ASSETCATALOG_COMPILER_APPICON_NAME = AppIcon;
				ASSETCATALOG_COMPILER_GLOBAL_ACCENT_COLOR_NAME = AccentColor;
				CODE_SIGN_STYLE = Automatic;
				CURRENT_PROJECT_VERSION = 1;
				DEVELOPMENT_ASSET_PATHS = "\"QuadraticSolverApp/Preview Content\"";
				ENABLE_PREVIEWS = YES;
				GENERATE_INFOPLIST_FILE = YES;
				INFOPLIST_KEY_UIApplicationSceneManifest_Generation = YES;
				INFOPLIST_KEY_UIApplicationSupportsIndirectInputEvents = YES;
				INFOPLIST_KEY_UILaunchScreen_Generation = YES;
				INFOPLIST_KEY_UISupportedInterfaceOrientations_iPad = "UIInterfaceOrientationPortrait UIInterfaceOrientationPortraitUpsideDown UIInterfaceOrientationLandscapeLeft UIInterfaceOrientationLandscapeRight";
				INFOPLIST_KEY_UISupportedInterfaceOrientations_iPhone = "UIInterfaceOrientationPortrait UIInterfaceOrientationLandscapeLeft UIInterfaceOrientationLandscapeRight";
				LD_RUNPATH_SEARCH_PATHS = (
					"$(inherited)",
					"@executable_path/Frameworks",
				);
				MARKETING_VERSION = 1.0;
				PRODUCT_BUNDLE_IDENTIFIER = "forhadreza1596-gmail.com.QuadraticSolverApp";
				PRODUCT_NAME = "$(TARGET_NAME)";
				SWIFT_EMIT_LOC_STRINGS = YES;
				SWIFT_VERSION = 5.0;
				TARGETED_DEVICE_FAMILY = "1,2";
			};
			name = Release;
		};
		F57599FD2B99FC950039B020 /* Debug */ = {
			isa = XCBuildConfiguration;
			buildSettings = {
				ALWAYS_EMBED_SWIFT_STANDARD_LIBRARIES = YES;
				BUNDLE_LOADER = "$(TEST_HOST)";
				CODE_SIGN_STYLE = Automatic;
				CURRENT_PROJECT_VERSION = 1;
				GENERATE_INFOPLIST_FILE = YES;
				IPHONEOS_DEPLOYMENT_TARGET = 17.0;
				MARKETING_VERSION = 1.0;
				PRODUCT_BUNDLE_IDENTIFIER = "forhadreza1596-gmail.com.QuadraticSolverAppTests";
				PRODUCT_NAME = "$(TARGET_NAME)";
				SWIFT_EMIT_LOC_STRINGS = NO;
				SWIFT_VERSION = 5.0;
				TARGETED_DEVICE_FAMILY = "1,2";
				TEST_HOST = "$(BUILT_PRODUCTS_DIR)/QuadraticSolverApp.app/$(BUNDLE_EXECUTABLE_FOLDER_PATH)/QuadraticSolverApp";
			};
			name = Debug;
		};
		F57599FE2B99FC950039B020 /* Release */ = {
			isa = XCBuildConfiguration;
			buildSettings = {
				ALWAYS_EMBED_SWIFT_STANDARD_LIBRARIES = YES;
				BUNDLE_LOADER = "$(TEST_HOST)";
				CODE_SIGN_STYLE = Automatic;
				CURRENT_PROJECT_VERSION = 1;
				GENERATE_INFOPLIST_FILE = YES;
				IPHONEOS_DEPLOYMENT_TARGET = 17.0;
				MARKETING_VERSION = 1.0;
				PRODUCT_BUNDLE_IDENTIFIER = "forhadreza1596-gmail.com.QuadraticSolverAppTests";
				PRODUCT_NAME = "$(TARGET_NAME)";
				SWIFT_EMIT_LOC_STRINGS = NO;
				SWIFT_VERSION = 5.0;
				TARGETED_DEVICE_FAMILY = "1,2";
				TEST_HOST = "$(BUILT_PRODUCTS_DIR)/QuadraticSolverApp.app/$(BUNDLE_EXECUTABLE_FOLDER_PATH)/QuadraticSolverApp";
			};
			name = Release;
		};
		F5759A002B99FC950039B020 /* Debug */ = {
			isa = XCBuildConfiguration;
			buildSettings = {
				ALWAYS_EMBED_SWIFT_STANDARD_LIBRARIES = YES;
				CODE_SIGN_STYLE = Automatic;
				CURRENT_PROJECT_VERSION = 1;
				GENERATE_INFOPLIST_FILE = YES;
				MARKETING_VERSION = 1.0;
				PRODUCT_BUNDLE_IDENTIFIER = "forhadreza1596-gmail.com.QuadraticSolverAppUITests";
				PRODUCT_NAME = "$(TARGET_NAME)";
				SWIFT_EMIT_LOC_STRINGS = NO;
				SWIFT_VERSION = 5.0;
				TARGETED_DEVICE_FAMILY = "1,2";
				TEST_TARGET_NAME = QuadraticSolverApp;
			};
			name = Debug;
		};
		F5759A012B99FC950039B020 /* Release */ = {
			isa = XCBuildConfiguration;
			buildSettings = {
				ALWAYS_EMBED_SWIFT_STANDARD_LIBRARIES = YES;
				CODE_SIGN_STYLE = Automatic;
				CURRENT_PROJECT_VERSION = 1;
				GENERATE_INFOPLIST_FILE = YES;
				MARKETING_VERSION = 1.0;
				PRODUCT_BUNDLE_IDENTIFIER = "forhadreza1596-gmail.com.QuadraticSolverAppUITests";
				PRODUCT_NAME = "$(TARGET_NAME)";
				SWIFT_EMIT_LOC_STRINGS = NO;
				SWIFT_VERSION = 5.0;
				TARGETED_DEVICE_FAMILY = "1,2";
				TEST_TARGET_NAME = QuadraticSolverApp;
			};
			name = Release;
		};
/* End XCBuildConfiguration section */

/* Begin XCConfigurationList section */
		F57599D02B99FC940039B020 /* Build configuration list for PBXProject "QuadraticSolverApp" */ = {
			isa = XCConfigurationList;
			buildConfigurations = (
				F57599F72B99FC950039B020 /* Debug */,
				F57599F82B99FC950039B020 /* Release */,
			);
			defaultConfigurationIsVisible = 0;
			defaultConfigurationName = Release;
		};
		F57599F92B99FC950039B020 /* Build configuration list for PBXNativeTarget "QuadraticSolverApp" */ = {
			isa = XCConfigurationList;
			buildConfigurations = (
				F57599FA2B99FC950039B020 /* Debug */,
				F57599FB2B99FC950039B020 /* Release */,
			);
			defaultConfigurationIsVisible = 0;
			defaultConfigurationName = Release;
		};
		F57599FC2B99FC950039B020 /* Build configuration list for PBXNativeTarget "QuadraticSolverAppTests" */ = {
			isa = XCConfigurationList;
			buildConfigurations = (
				F57599FD2B99FC950039B020 /* Debug */,
				F57599FE2B99FC950039B020 /* Release */,
			);
			defaultConfigurationIsVisible = 0;
			defaultConfigurationName = Release;
		};
		F57599FF2B99FC950039B020 /* Build configuration list for PBXNativeTarget "QuadraticSolverAppUITests" */ = {
			isa = XCConfigurationList;
			buildConfigurations = (
				F5759A002B99FC950039B020 /* Debug */,
				F5759A012B99FC950039B020 /* Release */,
			);
			defaultConfigurationIsVisible = 0;
			defaultConfigurationName = Release;
		};
/* End XCConfigurationList section */
	};
	rootObject = F57599CD2B99FC940039B020 /* Project object */;
}
